<?xml version="1.0" encoding="utf-8"?>
<Project ToolsVersion="4.0" xmlns="http://schemas.microsoft.com/developer/msbuild/2003">
  <ItemGroup>
    <Filter Include="Source Files">
      <UniqueIdentifier>{E7A57AFB-F225-414D-983C-CB0CD6EB580D}</UniqueIdentifier>
      <Extensions>cpp;c;cc;cxx;def;odl;idl;hpj;bat;asm;asmx</Extensions>
    </Filter>
    <Filter Include="Header Files">
      <UniqueIdentifier>{168E5B60-241A-46AD-8434-75100E07840F}</UniqueIdentifier>
      <Extensions>h;hh;hpp;hxx;hm;inl;inc;xsd</Extensions>
    </Filter>
    <Filter Include="Resource Files">
      <UniqueIdentifier>{D01AE45A-17CA-416F-92AF-47B6D16BAF56}</UniqueIdentifier>
      <Extensions>rc;ico;cur;bmp;dlg;rc2;rct;bin;rgs;gif;jpg;jpeg;jpe;resx;tiff;tif;png;wav;mfcribbon-ms</Extensions>
    </Filter>
  </ItemGroup>
  <ItemGroup>
    <ClCompile Include="..\routine\routine.c">
      <Filter>Source Files</Filter>
    </ClCompile>
    <ClCompile Include="..\routine\rapp.c">
      <Filter>Source Files</Filter>
    </ClCompile>
    <ClCompile Include="src\main.c">
      <Filter>Source Files</Filter>
    </ClCompile>
  </ItemGroup>
  <ItemGroup>
    <ResourceCompile Include="src\resource.rc">
      <Filter>Resource Files</Filter>
    </ResourceCompile>
  </ItemGroup>
  <ItemGroup>
    <ClInclude Include="src\app.h">
      <Filter>Header Files</Filter>
    </ClInclude>
    <ClInclude Include="src\main.h">
      <Filter>Header Files</Filter>
    </ClInclude>
    <ClInclude Include="src\resource.h">
      <Filter>Header Files</Filter>
    </ClInclude>
    <ClInclude Include="..\routine\ntapi.h">
      <Filter>Header Files</Filter>
    </ClInclude>
    <ClInclude Include="..\routine\rapp.h">
      <Filter>Header Files</Filter>
    </ClInclude>
    <ClInclude Include="..\routine\rconfig.h">
      <Filter>Header Files</Filter>
    </ClInclude>
    <ClInclude Include="..\routine\routine.h">
      <Filter>Header Files</Filter>
    </ClInclude>
  </ItemGroup>
</Project>